
Microsoft Visual Studio Solution File, Format Version 12.00
# Visual Studio Version 17
VisualStudioVersion = 17.2.32602.215
MinimumVisualStudioVersion = 10.0.40219.1
Project("{FAE04EC0-301F-11D3-BF4B-00C04F79EFBC}") = "SocialSiteClassLibrary", "SocialSiteClassLibrary\SocialSiteClassLibrary.csproj", "{4E12C7B5-DBC8-4B3F-A052-9B79F9B54B1D}"
EndProject
Global
	GlobalSection(SolutionConfigurationPlatforms) = preSolution
		Debug|Any CPU = Debug|Any CPU
		Release|Any CPU = Release|Any CPU
	EndGlobalSection
	GlobalSection(ProjectConfigurationPlatforms) = postSolution
		{4E12C7B5-DBC8-4B3F-A052-9B79F9B54B1D}.Debug|Any CPU.ActiveCfg = Debug|Any CPU
		{4E12C7B5-DBC8-4B3F-A052-9B79F9B54B1D}.Debug|Any CPU.Build.0 = Debug|Any CPU
		{4E12C7B5-DBC8-4B3F-A052-9B79F9B54B1D}.Release|Any CPU.ActiveCfg = Release|Any CPU
		{4E12C7B5-DBC8-4B3F-A052-9B79F9B54B1D}.Release|Any CPU.Build.0 = Release|Any CPU
	EndGlobalSection
	GlobalSection(SolutionProperties) = preSolution
		HideSolutionNode = FALSE
	EndGlobalSection
	GlobalSection(ExtensibilityGlobals) = postSolution
		SolutionGuid = {8431F746-7F37-43FC-B031-30F977C8C42B}
	EndGlobalSection
EndGlobal
