
Microsoft Visual Studio Solution File, Format Version 12.00
# Visual Studio Version 17
VisualStudioVersion = 17.2.32602.215
MinimumVisualStudioVersion = 10.0.40219.1
Project("{9A19103F-16F7-4668-BE54-9A1E7A4F7556}") = "SocialSiteClassLibrary", "SocialSiteClassLibrary\SocialSiteClassLibrary.csproj", "{4E12C7B5-DBC8-4B3F-A052-9B79F9B54B1D}"
EndProject
Project("{9A19103F-16F7-4668-BE54-9A1E7A4F7556}") = "Infrastructure", "Infrastructure\Infrastructure.csproj", "{5E29DAAB-45FA-4203-9075-086B49773FAB}"
EndProject
Project("{9A19103F-16F7-4668-BE54-9A1E7A4F7556}") = "Application", "Application\Application.csproj", "{13B1D98C-DFBE-4B43-84E7-4E75F10732EC}"
EndProject
Project("{9A19103F-16F7-4668-BE54-9A1E7A4F7556}") = "WebAPI", "WebAPI\WebAPI.csproj", "{1A758A50-EAA7-40F2-BAC7-678796B84C46}"
EndProject
Project("{9A19103F-16F7-4668-BE54-9A1E7A4F7556}") = "Contracts", "Contracts\Contracts.csproj", "{FE2B2488-6275-412F-9790-9261F22312A0}"
EndProject
Project("{9A19103F-16F7-4668-BE54-9A1E7A4F7556}") = "BlazorWebAssemblyApp", "BlazorWebAssemblyApp\BlazorWebAssemblyApp.csproj", "{89F81B9D-D8BF-4758-96F6-378F8D49A125}"
EndProject
Global
	GlobalSection(SolutionConfigurationPlatforms) = preSolution
		Debug|Any CPU = Debug|Any CPU
		Release|Any CPU = Release|Any CPU
	EndGlobalSection
	GlobalSection(ProjectConfigurationPlatforms) = postSolution
		{4E12C7B5-DBC8-4B3F-A052-9B79F9B54B1D}.Debug|Any CPU.ActiveCfg = Debug|Any CPU
		{4E12C7B5-DBC8-4B3F-A052-9B79F9B54B1D}.Debug|Any CPU.Build.0 = Debug|Any CPU
		{4E12C7B5-DBC8-4B3F-A052-9B79F9B54B1D}.Release|Any CPU.ActiveCfg = Release|Any CPU
		{4E12C7B5-DBC8-4B3F-A052-9B79F9B54B1D}.Release|Any CPU.Build.0 = Release|Any CPU
		{5E29DAAB-45FA-4203-9075-086B49773FAB}.Debug|Any CPU.ActiveCfg = Debug|Any CPU
		{5E29DAAB-45FA-4203-9075-086B49773FAB}.Debug|Any CPU.Build.0 = Debug|Any CPU
		{5E29DAAB-45FA-4203-9075-086B49773FAB}.Release|Any CPU.ActiveCfg = Release|Any CPU
		{5E29DAAB-45FA-4203-9075-086B49773FAB}.Release|Any CPU.Build.0 = Release|Any CPU
		{13B1D98C-DFBE-4B43-84E7-4E75F10732EC}.Debug|Any CPU.ActiveCfg = Debug|Any CPU
		{13B1D98C-DFBE-4B43-84E7-4E75F10732EC}.Debug|Any CPU.Build.0 = Debug|Any CPU
		{13B1D98C-DFBE-4B43-84E7-4E75F10732EC}.Release|Any CPU.ActiveCfg = Release|Any CPU
		{13B1D98C-DFBE-4B43-84E7-4E75F10732EC}.Release|Any CPU.Build.0 = Release|Any CPU
		{1A758A50-EAA7-40F2-BAC7-678796B84C46}.Debug|Any CPU.ActiveCfg = Debug|Any CPU
		{1A758A50-EAA7-40F2-BAC7-678796B84C46}.Debug|Any CPU.Build.0 = Debug|Any CPU
		{1A758A50-EAA7-40F2-BAC7-678796B84C46}.Release|Any CPU.ActiveCfg = Release|Any CPU
		{1A758A50-EAA7-40F2-BAC7-678796B84C46}.Release|Any CPU.Build.0 = Release|Any CPU
		{FE2B2488-6275-412F-9790-9261F22312A0}.Debug|Any CPU.ActiveCfg = Debug|Any CPU
		{FE2B2488-6275-412F-9790-9261F22312A0}.Debug|Any CPU.Build.0 = Debug|Any CPU
		{FE2B2488-6275-412F-9790-9261F22312A0}.Release|Any CPU.ActiveCfg = Release|Any CPU
		{FE2B2488-6275-412F-9790-9261F22312A0}.Release|Any CPU.Build.0 = Release|Any CPU
		{89F81B9D-D8BF-4758-96F6-378F8D49A125}.Debug|Any CPU.ActiveCfg = Debug|Any CPU
		{89F81B9D-D8BF-4758-96F6-378F8D49A125}.Debug|Any CPU.Build.0 = Debug|Any CPU
		{89F81B9D-D8BF-4758-96F6-378F8D49A125}.Release|Any CPU.ActiveCfg = Release|Any CPU
		{89F81B9D-D8BF-4758-96F6-378F8D49A125}.Release|Any CPU.Build.0 = Release|Any CPU
	EndGlobalSection
	GlobalSection(SolutionProperties) = preSolution
		HideSolutionNode = FALSE
	EndGlobalSection
	GlobalSection(ExtensibilityGlobals) = postSolution
		SolutionGuid = {8431F746-7F37-43FC-B031-30F977C8C42B}
	EndGlobalSection
EndGlobal
